
Microsoft Visual Studio Solution File, Format Version 12.00
# Visual Studio Version 16
VisualStudioVersion = 16.0.30330.147
MinimumVisualStudioVersion = 10.0.40219.1
Project("{FAE04EC0-301F-11D3-BF4B-00C04F79EFBC}") = "TestParser", "TestParser\TestParser.csproj", "{74DB26D1-792B-46B5-BFE5-62FB4D9198D2}"
EndProject
Project("{FAE04EC0-301F-11D3-BF4B-00C04F79EFBC}") = "ParserUnitTest", "ParserUnitTest\ParserUnitTest.csproj", "{A5678A03-84BF-4B39-85F1-76A09604E1E4}"
EndProject
Global
	GlobalSection(SolutionConfigurationPlatforms) = preSolution
		Debug|Any CPU = Debug|Any CPU
		Release|Any CPU = Release|Any CPU
	EndGlobalSection
	GlobalSection(ProjectConfigurationPlatforms) = postSolution
		{74DB26D1-792B-46B5-BFE5-62FB4D9198D2}.Debug|Any CPU.ActiveCfg = Debug|Any CPU
		{74DB26D1-792B-46B5-BFE5-62FB4D9198D2}.Debug|Any CPU.Build.0 = Debug|Any CPU
		{74DB26D1-792B-46B5-BFE5-62FB4D9198D2}.Release|Any CPU.ActiveCfg = Release|Any CPU
		{74DB26D1-792B-46B5-BFE5-62FB4D9198D2}.Release|Any CPU.Build.0 = Release|Any CPU
		{A5678A03-84BF-4B39-85F1-76A09604E1E4}.Debug|Any CPU.ActiveCfg = Debug|Any CPU
		{A5678A03-84BF-4B39-85F1-76A09604E1E4}.Debug|Any CPU.Build.0 = Debug|Any CPU
		{A5678A03-84BF-4B39-85F1-76A09604E1E4}.Release|Any CPU.ActiveCfg = Release|Any CPU
		{A5678A03-84BF-4B39-85F1-76A09604E1E4}.Release|Any CPU.Build.0 = Release|Any CPU
	EndGlobalSection
	GlobalSection(SolutionProperties) = preSolution
		HideSolutionNode = FALSE
	EndGlobalSection
	GlobalSection(ExtensibilityGlobals) = postSolution
		SolutionGuid = {A29FD77B-00B6-414B-8970-5BBAA1E31C9D}
	EndGlobalSection
EndGlobal
